<?xml version="1.0" encoding="utf-8"?>
<Project ToolsVersion="4.0" xmlns="http://schemas.microsoft.com/developer/msbuild/2003">
  <ItemGroup>
    <Filter Include="src">
      <UniqueIdentifier>{1C4ED6D7-705F-4E93-B6CB-100FA1DA93F3}</UniqueIdentifier>
      <Extensions>cpp;c;cc;cxx;def;odl;idl;hpj;bat;asm;asmx</Extensions>
    </Filter>
    <Filter Include="include">
      <UniqueIdentifier>{90BCCA72-A35E-45C1-BF73-5C380AD9A2E8}</UniqueIdentifier>
      <Extensions>h;hh;hpp;hxx;hm;inl;inc;ipp;xsd</Extensions>
    </Filter>
  </ItemGroup>
  <ItemGroup>
    <ClCompile Include="src\test_main.cpp">
      <Filter>src</Filter>
    </ClCompile>
    <ClCompile Include="src\test_vulkan.cpp">
      <Filter>src</Filter>
    </ClCompile>
    <ClCompile Include="src\test_win32.cpp">
      <Filter>src</Filter>
    </ClCompile>
    <ClCompile Include="src\test_hash.cpp">
      <Filter>src</Filter>
    </ClCompile>
    <ClCompile Include="src\test_parser.cpp">
      <Filter>src</Filter>
    </ClCompile>
    <ClCompile Include="src\test_riemann.cpp">
      <Filter>src</Filter>
    </ClCompile>
    <ClCompile Include="src\test_processing.cpp">
      <Filter>src</Filter>
    </ClCompile>
    <ClCompile Include="src\test_wavelet.cpp">
      <Filter>src</Filter>
    </ClCompile>
    <ClCompile Include="src\test_asio.cpp">
      <Filter>src</Filter>
    </ClCompile>
    <ClCompile Include="src\test_vst.cpp">
      <Filter>src</Filter>
    </ClCompile>
    <ClCompile Include="src\test_encrypt.cpp">
      <Filter>src</Filter>
    </ClCompile>
  </ItemGroup>
  <ItemGroup>
    <ClInclude Include="include\test_precompile.h">
      <Filter>include</Filter>
    </ClInclude>
  </ItemGroup>
</Project>