<?xml version="1.0" encoding="utf-8"?>
<Project ToolsVersion="4.0" xmlns="http://schemas.microsoft.com/developer/msbuild/2003">
  <ItemGroup>
    <Filter Include="src">
      <UniqueIdentifier>{1C4ED6D7-705F-4E93-B6CB-100FA1DA93F3}</UniqueIdentifier>
      <Extensions>cpp;c;cc;cxx;def;odl;idl;hpj;bat;asm;asmx</Extensions>
    </Filter>
    <Filter Include="include">
      <UniqueIdentifier>{90BCCA72-A35E-45C1-BF73-5C380AD9A2E8}</UniqueIdentifier>
      <Extensions>h;hh;hpp;hxx;hm;inl;inc;ipp;xsd</Extensions>
    </Filter>
    <Filter Include="src\shaders">
      <UniqueIdentifier>{eb0f94bc-60d7-45b4-986f-c2c3c3223d50}</UniqueIdentifier>
    </Filter>
    <Filter Include="res">
      <UniqueIdentifier>{b35a4f89-4c15-45b1-92a8-1926749ad119}</UniqueIdentifier>
    </Filter>
  </ItemGroup>
  <ItemGroup>
    <ClCompile Include="src\test_main.cpp">
      <Filter>src</Filter>
    </ClCompile>
    <ClCompile Include="src\test_vulkan.cpp">
      <Filter>src</Filter>
    </ClCompile>
    <ClCompile Include="src\test_win32.cpp">
      <Filter>src</Filter>
    </ClCompile>
    <ClCompile Include="src\test_hash.cpp">
      <Filter>src</Filter>
    </ClCompile>
    <ClCompile Include="src\test_parser.cpp">
      <Filter>src</Filter>
    </ClCompile>
    <ClCompile Include="src\test_riemann.cpp">
      <Filter>src</Filter>
    </ClCompile>
    <ClCompile Include="src\test_processing.cpp">
      <Filter>src</Filter>
    </ClCompile>
    <ClCompile Include="src\test_wavelet.cpp">
      <Filter>src</Filter>
    </ClCompile>
    <ClCompile Include="src\test_asio.cpp">
      <Filter>src</Filter>
    </ClCompile>
    <ClCompile Include="src\test_vst.cpp">
      <Filter>src</Filter>
    </ClCompile>
    <ClCompile Include="src\test_encrypt.cpp">
      <Filter>src</Filter>
    </ClCompile>
    <ClCompile Include="src\test_win32_2.cpp">
      <Filter>src</Filter>
    </ClCompile>
    <ClCompile Include="src\test_encrypt2.cpp">
      <Filter>src</Filter>
    </ClCompile>
    <ClCompile Include="src\test_int_type.cpp">
      <Filter>src</Filter>
    </ClCompile>
    <ClCompile Include="src\test_hash_2.cpp">
      <Filter>src</Filter>
    </ClCompile>
    <ClCompile Include="src\test_int_type2.cpp">
      <Filter>src</Filter>
    </ClCompile>
    <ClCompile Include="src\test_encrypt3.cpp">
      <Filter>src</Filter>
    </ClCompile>
  </ItemGroup>
  <ItemGroup>
    <ClInclude Include="include\test_precompile.h">
      <Filter>include</Filter>
    </ClInclude>
  </ItemGroup>
  <ItemGroup>
    <None Include="include\private_generated_512.key">
      <Filter>include</Filter>
    </None>
  </ItemGroup>
  <ItemGroup>
    <FxCompile Include="src\shaders\test_demo_shader.hlsl">
      <Filter>src\shaders</Filter>
    </FxCompile>
  </ItemGroup>
  <ItemGroup>
    <Text Include="res\english3.txt">
      <Filter>res</Filter>
    </Text>
    <Text Include="res\francais.txt">
      <Filter>res</Filter>
    </Text>
    <Text Include="res\simple_lexicon.txt">
      <Filter>res</Filter>
    </Text>
  </ItemGroup>
</Project>