<?xml version="1.0" encoding="utf-8"?>
<Project ToolsVersion="4.0" xmlns="http://schemas.microsoft.com/developer/msbuild/2003">
  <ItemGroup>
    <Filter Include="src">
      <UniqueIdentifier>{4FC737F1-C7A5-4376-A066-2A32D752A2FF}</UniqueIdentifier>
      <Extensions>cpp;c;cc;cxx;def;odl;idl;hpj;bat;asm;asmx</Extensions>
    </Filter>
    <Filter Include="res">
      <UniqueIdentifier>{67DA6AB6-F800-4c08-8B7A-83BB121AAD01}</UniqueIdentifier>
      <Extensions>rc;ico;cur;bmp;dlg;rc2;rct;bin;rgs;gif;jpg;jpeg;jpe;resx;tiff;tif;png;wav;mfcribbon-ms</Extensions>
    </Filter>
    <Filter Include="include">
      <UniqueIdentifier>{93995380-89BD-4b04-88EB-625FBE52EBFB}</UniqueIdentifier>
      <Extensions>h;hh;hpp;hxx;hm;inl;inc;ipp;xsd</Extensions>
    </Filter>
    <Filter Include="include\internal">
      <UniqueIdentifier>{c08fc95c-ebe7-41cf-8d68-f89667a797c4}</UniqueIdentifier>
    </Filter>
    <Filter Include="include\internal\arch">
      <UniqueIdentifier>{bd30eb52-985e-47a0-8860-2c4de71f8a5e}</UniqueIdentifier>
    </Filter>
    <Filter Include="include\internal\unicode">
      <UniqueIdentifier>{3b6b4b05-92ce-4a3f-99b7-8387ee83f016}</UniqueIdentifier>
    </Filter>
  </ItemGroup>
  <ItemGroup>
    <ClInclude Include="include\sb_interface.h">
      <Filter>include</Filter>
    </ClInclude>
    <ClInclude Include="include\sb_hash.h">
      <Filter>include</Filter>
    </ClInclude>
    <ClInclude Include="include\sb_common.h">
      <Filter>include</Filter>
    </ClInclude>
    <ClInclude Include="include\sb_structured_buffer.h">
      <Filter>include</Filter>
    </ClInclude>
    <ClInclude Include="include\sb_type_hash.h">
      <Filter>include</Filter>
    </ClInclude>
    <ClInclude Include="include\sb_range.h">
      <Filter>include</Filter>
    </ClInclude>
    <ClInclude Include="include\internal\interface_asio_error.hpp">
      <Filter>include\internal</Filter>
    </ClInclude>
    <ClInclude Include="include\internal\interface_asio_base.h">
      <Filter>include\internal</Filter>
    </ClInclude>
    <ClInclude Include="include\internal\ref_ptr.h">
      <Filter>include\internal</Filter>
    </ClInclude>
    <ClInclude Include="include\internal\device_generic.h">
      <Filter>include\internal</Filter>
    </ClInclude>
    <ClInclude Include="include\internal\interface_vst_base.h">
      <Filter>include\internal</Filter>
    </ClInclude>
    <ClInclude Include="include\internal\temp_delete_me.h">
      <Filter>include\internal</Filter>
    </ClInclude>
    <ClInclude Include="include\internal\compiler_specific.h">
      <Filter>include\internal</Filter>
    </ClInclude>
    <ClInclude Include="include\sbLibX_precompile.h">
      <Filter>include\internal</Filter>
    </ClInclude>
    <ClInclude Include="include\sb_interface_asio.h">
      <Filter>include</Filter>
    </ClInclude>
    <ClInclude Include="include\sb_interface_vst.h">
      <Filter>include</Filter>
    </ClInclude>
    <ClInclude Include="include\sb_library.h">
      <Filter>include</Filter>
    </ClInclude>
    <ClInclude Include="include\sb_utilities.h">
      <Filter>include</Filter>
    </ClInclude>
    <ClInclude Include="include\sb_encrypted_string.h">
      <Filter>include</Filter>
    </ClInclude>
    <ClInclude Include="include\internal\arch\VisualC_specific.h">
      <Filter>include\internal\arch</Filter>
    </ClInclude>
    <ClInclude Include="include\internal\arch\x64_specific.h">
      <Filter>include\internal\arch</Filter>
    </ClInclude>
    <ClInclude Include="include\internal\arch\x86_specific.h">
      <Filter>include\internal\arch</Filter>
    </ClInclude>
    <ClInclude Include="include\internal\unicode\property_value_aliases.h">
      <Filter>include\internal\unicode</Filter>
    </ClInclude>
    <ClInclude Include="include\internal\unicode\unicode_data_basic_latin.h">
      <Filter>include\internal\unicode</Filter>
    </ClInclude>
    <ClInclude Include="include\internal\unicode\unicode_data_latin-1_suppl.h">
      <Filter>include\internal\unicode</Filter>
    </ClInclude>
    <ClInclude Include="include\internal\unicode\name_aliases_basic_latin.h">
      <Filter>include\internal\unicode</Filter>
    </ClInclude>
  </ItemGroup>
  <ItemGroup>
    <ClCompile Include="src\sbLibX_main.cpp">
      <Filter>src</Filter>
    </ClCompile>
    <ClCompile Include="src\sb_interface.cpp">
      <Filter>src</Filter>
    </ClCompile>
    <ClCompile Include="src\sb_interface_asio.cpp">
      <Filter>src</Filter>
    </ClCompile>
  </ItemGroup>
</Project>